
Microsoft Visual Studio Solution File, Format Version 12.00
# Visual Studio Version 17
VisualStudioVersion = 17.14.37111.16 d17.14
MinimumVisualStudioVersion = 10.0.40219.1
Project("{8BC9CEB8-8B4A-11D0-8D11-00A0C91BC942}") = "YumeDiskKMDF", "YumeDiskKMDF\YumeDiskKMDF.vcxproj", "{22D8F4E4-CAB9-6421-9EBB-C11CF689E557}"
EndProject
Global
	GlobalSection(SolutionConfigurationPlatforms) = preSolution
		Debug|ARM64 = Debug|ARM64
		Debug|x64 = Debug|x64
		Release|ARM64 = Release|ARM64
		Release|x64 = Release|x64
	EndGlobalSection
	GlobalSection(ProjectConfigurationPlatforms) = postSolution
		{22D8F4E4-CAB9-6421-9EBB-C11CF689E557}.Debug|ARM64.ActiveCfg = Debug|ARM64
		{22D8F4E4-CAB9-6421-9EBB-C11CF689E557}.Debug|ARM64.Build.0 = Debug|ARM64
		{22D8F4E4-CAB9-6421-9EBB-C11CF689E557}.Debug|ARM64.Deploy.0 = Debug|ARM64
		{22D8F4E4-CAB9-6421-9EBB-C11CF689E557}.Debug|x64.ActiveCfg = Debug|x64
		{22D8F4E4-CAB9-6421-9EBB-C11CF689E557}.Debug|x64.Build.0 = Debug|x64
		{22D8F4E4-CAB9-6421-9EBB-C11CF689E557}.Debug|x64.Deploy.0 = Debug|x64
		{22D8F4E4-CAB9-6421-9EBB-C11CF689E557}.Release|ARM64.ActiveCfg = Release|ARM64
		{22D8F4E4-CAB9-6421-9EBB-C11CF689E557}.Release|ARM64.Build.0 = Release|ARM64
		{22D8F4E4-CAB9-6421-9EBB-C11CF689E557}.Release|ARM64.Deploy.0 = Release|ARM64
		{22D8F4E4-CAB9-6421-9EBB-C11CF689E557}.Release|x64.ActiveCfg = Release|x64
		{22D8F4E4-CAB9-6421-9EBB-C11CF689E557}.Release|x64.Build.0 = Release|x64
		{22D8F4E4-CAB9-6421-9EBB-C11CF689E557}.Release|x64.Deploy.0 = Release|x64
	EndGlobalSection
	GlobalSection(SolutionProperties) = preSolution
		HideSolutionNode = FALSE
	EndGlobalSection
	GlobalSection(ExtensibilityGlobals) = postSolution
		SolutionGuid = {1B4C54FE-3210-45F7-94E1-0B4FB69F914E}
	EndGlobalSection
EndGlobal
