
Microsoft Visual Studio Solution File, Format Version 12.00
# Visual Studio Version 17
VisualStudioVersion = 17.14.36518.9 d17.14
MinimumVisualStudioVersion = 10.0.40219.1
Project("{8BC9CEB8-8B4A-11D0-8D11-00A0C91BC942}") = "MyDisk1", "MyDisk1\MyDisk1.vcxproj", "{8A9FB716-A6CF-1D82-9580-51C756F8F0F5}"
EndProject
Global
	GlobalSection(SolutionConfigurationPlatforms) = preSolution
		Debug|ARM64 = Debug|ARM64
		Debug|x64 = Debug|x64
		Release|ARM64 = Release|ARM64
		Release|x64 = Release|x64
	EndGlobalSection
	GlobalSection(ProjectConfigurationPlatforms) = postSolution
		{8A9FB716-A6CF-1D82-9580-51C756F8F0F5}.Debug|ARM64.ActiveCfg = Debug|ARM64
		{8A9FB716-A6CF-1D82-9580-51C756F8F0F5}.Debug|ARM64.Build.0 = Debug|ARM64
		{8A9FB716-A6CF-1D82-9580-51C756F8F0F5}.Debug|ARM64.Deploy.0 = Debug|ARM64
		{8A9FB716-A6CF-1D82-9580-51C756F8F0F5}.Debug|x64.ActiveCfg = Debug|x64
		{8A9FB716-A6CF-1D82-9580-51C756F8F0F5}.Debug|x64.Build.0 = Debug|x64
		{8A9FB716-A6CF-1D82-9580-51C756F8F0F5}.Debug|x64.Deploy.0 = Debug|x64
		{8A9FB716-A6CF-1D82-9580-51C756F8F0F5}.Release|ARM64.ActiveCfg = Release|ARM64
		{8A9FB716-A6CF-1D82-9580-51C756F8F0F5}.Release|ARM64.Build.0 = Release|ARM64
		{8A9FB716-A6CF-1D82-9580-51C756F8F0F5}.Release|ARM64.Deploy.0 = Release|ARM64
		{8A9FB716-A6CF-1D82-9580-51C756F8F0F5}.Release|x64.ActiveCfg = Release|x64
		{8A9FB716-A6CF-1D82-9580-51C756F8F0F5}.Release|x64.Build.0 = Release|x64
		{8A9FB716-A6CF-1D82-9580-51C756F8F0F5}.Release|x64.Deploy.0 = Release|x64
	EndGlobalSection
	GlobalSection(SolutionProperties) = preSolution
		HideSolutionNode = FALSE
	EndGlobalSection
	GlobalSection(ExtensibilityGlobals) = postSolution
		SolutionGuid = {124BBC98-2FCA-428E-B368-8D77CA01C3FE}
	EndGlobalSection
EndGlobal
